
Microsoft Visual Studio Solution File, Format Version 12.00
# Visual Studio 15
VisualStudioVersion = 15.0.26430.6
MinimumVisualStudioVersion = 10.0.40219.1
Project("{FAE04EC0-301F-11D3-BF4B-00C04F79EFBC}") = "Midgard.ObservableGroupCollection", "Midgard.ObservableGroupCollection\Midgard.ObservableGroupCollection.csproj", "{92B8D25E-1B13-427B-8AFF-30680F767F41}"
EndProject
Project("{2150E333-8FDC-42A3-9474-1A3956D46DE8}") = "Solution Items", "Solution Items", "{F5D59D9D-56FB-4C84-A18A-A1F3AD8F5C8E}"
	ProjectSection(SolutionItems) = preProject
		.editorconfig = .editorconfig
		license.md = license.md
	EndProjectSection
EndProject
Project("{FAE04EC0-301F-11D3-BF4B-00C04F79EFBC}") = "Midgard.ObservableGroupCollection.Test", "Midgard.ObservableGroupCollection.Test\Midgard.ObservableGroupCollection.Test.csproj", "{2EC16ACB-A1C3-4F3A-8DCE-14AC1553DCA0}"
EndProject
Global
	GlobalSection(SolutionConfigurationPlatforms) = preSolution
		Debug|Any CPU = Debug|Any CPU
		Release|Any CPU = Release|Any CPU
	EndGlobalSection
	GlobalSection(ProjectConfigurationPlatforms) = postSolution
		{92B8D25E-1B13-427B-8AFF-30680F767F41}.Debug|Any CPU.ActiveCfg = Debug|Any CPU
		{92B8D25E-1B13-427B-8AFF-30680F767F41}.Debug|Any CPU.Build.0 = Debug|Any CPU
		{92B8D25E-1B13-427B-8AFF-30680F767F41}.Release|Any CPU.ActiveCfg = Release|Any CPU
		{92B8D25E-1B13-427B-8AFF-30680F767F41}.Release|Any CPU.Build.0 = Release|Any CPU
		{2EC16ACB-A1C3-4F3A-8DCE-14AC1553DCA0}.Debug|Any CPU.ActiveCfg = Debug|Any CPU
		{2EC16ACB-A1C3-4F3A-8DCE-14AC1553DCA0}.Debug|Any CPU.Build.0 = Debug|Any CPU
		{2EC16ACB-A1C3-4F3A-8DCE-14AC1553DCA0}.Release|Any CPU.ActiveCfg = Release|Any CPU
		{2EC16ACB-A1C3-4F3A-8DCE-14AC1553DCA0}.Release|Any CPU.Build.0 = Release|Any CPU
	EndGlobalSection
	GlobalSection(SolutionProperties) = preSolution
		HideSolutionNode = FALSE
	EndGlobalSection
EndGlobal
